
Microsoft Visual Studio Solution File, Format Version 12.00
# Visual Studio Version 16
VisualStudioVersion = 16.0.31205.134
MinimumVisualStudioVersion = 10.0.40219.1
Project("{FAE04EC0-301F-11D3-BF4B-00C04F79EFBC}") = "hypapp_test2", "hypapp_test2.csproj", "{52572236-6024-4248-86B0-79E7580F35BF}"
EndProject
Global
	GlobalSection(SolutionConfigurationPlatforms) = preSolution
		Debug|Any CPU = Debug|Any CPU
		Release|Any CPU = Release|Any CPU
	EndGlobalSection
	GlobalSection(ProjectConfigurationPlatforms) = postSolution
		{52572236-6024-4248-86B0-79E7580F35BF}.Debug|Any CPU.ActiveCfg = Debug|Any CPU
		{52572236-6024-4248-86B0-79E7580F35BF}.Debug|Any CPU.Build.0 = Debug|Any CPU
		{52572236-6024-4248-86B0-79E7580F35BF}.Release|Any CPU.ActiveCfg = Release|Any CPU
		{52572236-6024-4248-86B0-79E7580F35BF}.Release|Any CPU.Build.0 = Release|Any CPU
	EndGlobalSection
	GlobalSection(SolutionProperties) = preSolution
		HideSolutionNode = FALSE
	EndGlobalSection
	GlobalSection(ExtensibilityGlobals) = postSolution
		SolutionGuid = {AD03B9E8-556D-41B5-A832-F8C2882D1307}
	EndGlobalSection
EndGlobal
